
Microsoft Visual Studio Solution File, Format Version 12.00
# Visual Studio Version 17
VisualStudioVersion = 17.8.34511.84
MinimumVisualStudioVersion = 10.0.40219.1
Project("{FAE04EC0-301F-11D3-BF4B-00C04F79EFBC}") = "registro_persona", "registro_persona.csproj", "{396CDC35-2F46-4D4C-B87D-849D98D41459}"
EndProject
Global
	GlobalSection(SolutionConfigurationPlatforms) = preSolution
		Debug|Any CPU = Debug|Any CPU
		Release|Any CPU = Release|Any CPU
	EndGlobalSection
	GlobalSection(ProjectConfigurationPlatforms) = postSolution
		{396CDC35-2F46-4D4C-B87D-849D98D41459}.Debug|Any CPU.ActiveCfg = Debug|Any CPU
		{396CDC35-2F46-4D4C-B87D-849D98D41459}.Debug|Any CPU.Build.0 = Debug|Any CPU
		{396CDC35-2F46-4D4C-B87D-849D98D41459}.Release|Any CPU.ActiveCfg = Release|Any CPU
		{396CDC35-2F46-4D4C-B87D-849D98D41459}.Release|Any CPU.Build.0 = Release|Any CPU
	EndGlobalSection
	GlobalSection(SolutionProperties) = preSolution
		HideSolutionNode = FALSE
	EndGlobalSection
	GlobalSection(ExtensibilityGlobals) = postSolution
		SolutionGuid = {4A4FF0B8-D117-4056-95A4-19690A97D35F}
	EndGlobalSection
EndGlobal
